
Microsoft Visual Studio Solution File, Format Version 12.00
# Visual Studio Version 17
VisualStudioVersion = 17.5.002.0
MinimumVisualStudioVersion = 10.0.40219.1
Project("{9A19103F-16F7-4668-BE54-9A1E7A4F7556}") = "my-aspnet-app", "my-aspnet-app.csproj", "{73AC2AD0-B92D-474F-A7ED-876C5A72E95C}"
EndProject
Global
	GlobalSection(SolutionConfigurationPlatforms) = preSolution
		Debug|Any CPU = Debug|Any CPU
		Release|Any CPU = Release|Any CPU
	EndGlobalSection
	GlobalSection(ProjectConfigurationPlatforms) = postSolution
		{73AC2AD0-B92D-474F-A7ED-876C5A72E95C}.Debug|Any CPU.ActiveCfg = Debug|Any CPU
		{73AC2AD0-B92D-474F-A7ED-876C5A72E95C}.Debug|Any CPU.Build.0 = Debug|Any CPU
		{73AC2AD0-B92D-474F-A7ED-876C5A72E95C}.Release|Any CPU.ActiveCfg = Release|Any CPU
		{73AC2AD0-B92D-474F-A7ED-876C5A72E95C}.Release|Any CPU.Build.0 = Release|Any CPU
	EndGlobalSection
	GlobalSection(SolutionProperties) = preSolution
		HideSolutionNode = FALSE
	EndGlobalSection
	GlobalSection(ExtensibilityGlobals) = postSolution
		SolutionGuid = {B074A9D0-DC7A-4BD0-880F-DAEA259AE345}
	EndGlobalSection
EndGlobal
